
Microsoft Visual Studio Solution File, Format Version 12.00
# Visual Studio Version 16
VisualStudioVersion = 25.0.1703.1
MinimumVisualStudioVersion = 10.0.40219.1
Project("{FAE04EC0-301F-11D3-BF4B-00C04F79EFBC}") = "OOPC_Workshop_Inheritance_PartI", "OOPC_Workshop_Inheritance_PartI\OOPC_Workshop_Inheritance_PartI.csproj", "{8F305EA4-48D7-4D2B-8151-AF95D8828458}"
EndProject
Global
	GlobalSection(SolutionConfigurationPlatforms) = preSolution
		Debug|Any CPU = Debug|Any CPU
		Release|Any CPU = Release|Any CPU
	EndGlobalSection
	GlobalSection(ProjectConfigurationPlatforms) = postSolution
		{8F305EA4-48D7-4D2B-8151-AF95D8828458}.Debug|Any CPU.ActiveCfg = Debug|Any CPU
		{8F305EA4-48D7-4D2B-8151-AF95D8828458}.Debug|Any CPU.Build.0 = Debug|Any CPU
		{8F305EA4-48D7-4D2B-8151-AF95D8828458}.Release|Any CPU.ActiveCfg = Release|Any CPU
		{8F305EA4-48D7-4D2B-8151-AF95D8828458}.Release|Any CPU.Build.0 = Release|Any CPU
	EndGlobalSection
	GlobalSection(SolutionProperties) = preSolution
		HideSolutionNode = FALSE
	EndGlobalSection
	GlobalSection(ExtensibilityGlobals) = postSolution
		SolutionGuid = {B4566DDC-D242-4C6E-95BE-F0860EA8AFF4}
	EndGlobalSection
EndGlobal
