
Microsoft Visual Studio Solution File, Format Version 12.00
# Visual Studio Version 16
VisualStudioVersion = 25.0.1703.1
MinimumVisualStudioVersion = 10.0.40219.1
Project("{FAE04EC0-301F-11D3-BF4B-00C04F79EFBC}") = "Abstract_Shape", "Abstract_Shape\Abstract_Shape.csproj", "{0D187033-1B95-48E7-9699-7503614DBE72}"
EndProject
Global
	GlobalSection(SolutionConfigurationPlatforms) = preSolution
		Debug|Any CPU = Debug|Any CPU
		Release|Any CPU = Release|Any CPU
	EndGlobalSection
	GlobalSection(ProjectConfigurationPlatforms) = postSolution
		{0D187033-1B95-48E7-9699-7503614DBE72}.Debug|Any CPU.ActiveCfg = Debug|Any CPU
		{0D187033-1B95-48E7-9699-7503614DBE72}.Debug|Any CPU.Build.0 = Debug|Any CPU
		{0D187033-1B95-48E7-9699-7503614DBE72}.Release|Any CPU.ActiveCfg = Release|Any CPU
		{0D187033-1B95-48E7-9699-7503614DBE72}.Release|Any CPU.Build.0 = Release|Any CPU
	EndGlobalSection
	GlobalSection(SolutionProperties) = preSolution
		HideSolutionNode = FALSE
	EndGlobalSection
	GlobalSection(ExtensibilityGlobals) = postSolution
		SolutionGuid = {29110579-3569-467A-9DD7-6E2B030789CC}
	EndGlobalSection
EndGlobal
