
Microsoft Visual Studio Solution File, Format Version 12.00
# Visual Studio Version 16
VisualStudioVersion = 25.0.1703.1
MinimumVisualStudioVersion = 10.0.40219.1
Project("{FAE04EC0-301F-11D3-BF4B-00C04F79EFBC}") = "ExcPropagation", "ExcPropagation\ExcPropagation.csproj", "{5F4DDC86-46F4-428F-B0EE-8641664BE490}"
EndProject
Global
	GlobalSection(SolutionConfigurationPlatforms) = preSolution
		Debug|Any CPU = Debug|Any CPU
		Release|Any CPU = Release|Any CPU
	EndGlobalSection
	GlobalSection(ProjectConfigurationPlatforms) = postSolution
		{5F4DDC86-46F4-428F-B0EE-8641664BE490}.Debug|Any CPU.ActiveCfg = Debug|Any CPU
		{5F4DDC86-46F4-428F-B0EE-8641664BE490}.Debug|Any CPU.Build.0 = Debug|Any CPU
		{5F4DDC86-46F4-428F-B0EE-8641664BE490}.Release|Any CPU.ActiveCfg = Release|Any CPU
		{5F4DDC86-46F4-428F-B0EE-8641664BE490}.Release|Any CPU.Build.0 = Release|Any CPU
	EndGlobalSection
	GlobalSection(SolutionProperties) = preSolution
		HideSolutionNode = FALSE
	EndGlobalSection
	GlobalSection(ExtensibilityGlobals) = postSolution
		SolutionGuid = {54859D86-92ED-4287-8C41-39304DE421AB}
	EndGlobalSection
EndGlobal
