
Microsoft Visual Studio Solution File, Format Version 12.00
# Visual Studio Version 16
VisualStudioVersion = 25.0.1703.1
MinimumVisualStudioVersion = 10.0.40219.1
Project("{FAE04EC0-301F-11D3-BF4B-00C04F79EFBC}") = "Exception_ExOne", "Exception_ExOne\Exception_ExOne.csproj", "{12194EFB-C679-45FA-B3D8-089D1ECF4AC3}"
EndProject
Global
	GlobalSection(SolutionConfigurationPlatforms) = preSolution
		Debug|Any CPU = Debug|Any CPU
		Release|Any CPU = Release|Any CPU
	EndGlobalSection
	GlobalSection(ProjectConfigurationPlatforms) = postSolution
		{12194EFB-C679-45FA-B3D8-089D1ECF4AC3}.Debug|Any CPU.ActiveCfg = Debug|Any CPU
		{12194EFB-C679-45FA-B3D8-089D1ECF4AC3}.Debug|Any CPU.Build.0 = Debug|Any CPU
		{12194EFB-C679-45FA-B3D8-089D1ECF4AC3}.Release|Any CPU.ActiveCfg = Release|Any CPU
		{12194EFB-C679-45FA-B3D8-089D1ECF4AC3}.Release|Any CPU.Build.0 = Release|Any CPU
	EndGlobalSection
	GlobalSection(SolutionProperties) = preSolution
		HideSolutionNode = FALSE
	EndGlobalSection
	GlobalSection(ExtensibilityGlobals) = postSolution
		SolutionGuid = {583B794C-E7B4-46BB-B536-85124F4376DD}
	EndGlobalSection
EndGlobal
